
Microsoft Visual Studio Solution File, Format Version 12.00
# Visual Studio 15
VisualStudioVersion = 15.0.26124.0
MinimumVisualStudioVersion = 15.0.26124.0
Project("{FAE04EC0-301F-11D3-BF4B-00C04F79EFBC}") = "01", "01\01.csproj", "{38C13EA2-4F92-4E00-8D36-121416607F0C}"
EndProject
Project("{FAE04EC0-301F-11D3-BF4B-00C04F79EFBC}") = "02", "02\02.csproj", "{7883378D-9749-45FA-AEFC-CDC0E84E9A85}"
EndProject
Project("{FAE04EC0-301F-11D3-BF4B-00C04F79EFBC}") = "03", "03\03.csproj", "{8A8B855B-660C-4084-AC60-B0ECC5F29710}"
EndProject
Global
	GlobalSection(SolutionConfigurationPlatforms) = preSolution
		Debug|Any CPU = Debug|Any CPU
		Debug|x64 = Debug|x64
		Debug|x86 = Debug|x86
		Release|Any CPU = Release|Any CPU
		Release|x64 = Release|x64
		Release|x86 = Release|x86
	EndGlobalSection
	GlobalSection(SolutionProperties) = preSolution
		HideSolutionNode = FALSE
	EndGlobalSection
	GlobalSection(ProjectConfigurationPlatforms) = postSolution
		{38C13EA2-4F92-4E00-8D36-121416607F0C}.Debug|Any CPU.ActiveCfg = Debug|Any CPU
		{38C13EA2-4F92-4E00-8D36-121416607F0C}.Debug|Any CPU.Build.0 = Debug|Any CPU
		{38C13EA2-4F92-4E00-8D36-121416607F0C}.Debug|x64.ActiveCfg = Debug|Any CPU
		{38C13EA2-4F92-4E00-8D36-121416607F0C}.Debug|x64.Build.0 = Debug|Any CPU
		{38C13EA2-4F92-4E00-8D36-121416607F0C}.Debug|x86.ActiveCfg = Debug|Any CPU
		{38C13EA2-4F92-4E00-8D36-121416607F0C}.Debug|x86.Build.0 = Debug|Any CPU
		{38C13EA2-4F92-4E00-8D36-121416607F0C}.Release|Any CPU.ActiveCfg = Release|Any CPU
		{38C13EA2-4F92-4E00-8D36-121416607F0C}.Release|Any CPU.Build.0 = Release|Any CPU
		{38C13EA2-4F92-4E00-8D36-121416607F0C}.Release|x64.ActiveCfg = Release|Any CPU
		{38C13EA2-4F92-4E00-8D36-121416607F0C}.Release|x64.Build.0 = Release|Any CPU
		{38C13EA2-4F92-4E00-8D36-121416607F0C}.Release|x86.ActiveCfg = Release|Any CPU
		{38C13EA2-4F92-4E00-8D36-121416607F0C}.Release|x86.Build.0 = Release|Any CPU
		{7883378D-9749-45FA-AEFC-CDC0E84E9A85}.Debug|Any CPU.ActiveCfg = Debug|Any CPU
		{7883378D-9749-45FA-AEFC-CDC0E84E9A85}.Debug|Any CPU.Build.0 = Debug|Any CPU
		{7883378D-9749-45FA-AEFC-CDC0E84E9A85}.Debug|x64.ActiveCfg = Debug|Any CPU
		{7883378D-9749-45FA-AEFC-CDC0E84E9A85}.Debug|x64.Build.0 = Debug|Any CPU
		{7883378D-9749-45FA-AEFC-CDC0E84E9A85}.Debug|x86.ActiveCfg = Debug|Any CPU
		{7883378D-9749-45FA-AEFC-CDC0E84E9A85}.Debug|x86.Build.0 = Debug|Any CPU
		{7883378D-9749-45FA-AEFC-CDC0E84E9A85}.Release|Any CPU.ActiveCfg = Release|Any CPU
		{7883378D-9749-45FA-AEFC-CDC0E84E9A85}.Release|Any CPU.Build.0 = Release|Any CPU
		{7883378D-9749-45FA-AEFC-CDC0E84E9A85}.Release|x64.ActiveCfg = Release|Any CPU
		{7883378D-9749-45FA-AEFC-CDC0E84E9A85}.Release|x64.Build.0 = Release|Any CPU
		{7883378D-9749-45FA-AEFC-CDC0E84E9A85}.Release|x86.ActiveCfg = Release|Any CPU
		{7883378D-9749-45FA-AEFC-CDC0E84E9A85}.Release|x86.Build.0 = Release|Any CPU
		{8A8B855B-660C-4084-AC60-B0ECC5F29710}.Debug|Any CPU.ActiveCfg = Debug|Any CPU
		{8A8B855B-660C-4084-AC60-B0ECC5F29710}.Debug|Any CPU.Build.0 = Debug|Any CPU
		{8A8B855B-660C-4084-AC60-B0ECC5F29710}.Debug|x64.ActiveCfg = Debug|Any CPU
		{8A8B855B-660C-4084-AC60-B0ECC5F29710}.Debug|x64.Build.0 = Debug|Any CPU
		{8A8B855B-660C-4084-AC60-B0ECC5F29710}.Debug|x86.ActiveCfg = Debug|Any CPU
		{8A8B855B-660C-4084-AC60-B0ECC5F29710}.Debug|x86.Build.0 = Debug|Any CPU
		{8A8B855B-660C-4084-AC60-B0ECC5F29710}.Release|Any CPU.ActiveCfg = Release|Any CPU
		{8A8B855B-660C-4084-AC60-B0ECC5F29710}.Release|Any CPU.Build.0 = Release|Any CPU
		{8A8B855B-660C-4084-AC60-B0ECC5F29710}.Release|x64.ActiveCfg = Release|Any CPU
		{8A8B855B-660C-4084-AC60-B0ECC5F29710}.Release|x64.Build.0 = Release|Any CPU
		{8A8B855B-660C-4084-AC60-B0ECC5F29710}.Release|x86.ActiveCfg = Release|Any CPU
		{8A8B855B-660C-4084-AC60-B0ECC5F29710}.Release|x86.Build.0 = Release|Any CPU
	EndGlobalSection
EndGlobal
